{
  "version": 4,
  "terraform_version": "1.3.7",
  "serial": 149,
  "lineage": "e12d9749-bba4-9538-2ec8-b8677b6be77c",
  "outputs": {},
  "resources": [
    {
      "mode": "data",
      "type": "archive_file",
      "name": "zip_the_python_code_checkorg",
      "provider": "provider[\"registry.terraform.io/hashicorp/archive\"]",
      "instances": [
        {
          "schema_version": 0,
          "attributes": {
            "excludes": null,
            "id": "9cd3b9d2e09e9a369ec0de1ba2c2ff8a6c8b79be",
            "output_base64sha256": "9j66uAvL84F0nt64ZztDaaO4KxOgp9V6OhLwjDwLeKI=",
            "output_file_mode": null,
            "output_md5": "7b17b173bf509b6ad0a1e3a7ac198759",
            "output_path": "./pythonprog/checkorg.zip",
            "output_sha": "9cd3b9d2e09e9a369ec0de1ba2c2ff8a6c8b79be",
            "output_size": 8098,
            "source": [],
            "source_content": null,
            "source_content_filename": null,
            "source_dir": "./pythonprog",
            "source_file": null,
            "type": "zip"
          },
          "sensitive_attributes": []
        }
      ]
    },
    {
      "mode": "data",
      "type": "archive_file",
      "name": "zip_the_python_code_moveback",
      "provider": "provider[\"registry.terraform.io/hashicorp/archive\"]",
      "instances": [
        {
          "schema_version": 0,
          "attributes": {
            "excludes": null,
            "id": "aadf40f8c6aa1ec389ad478d4d67c30fe2604a79",
            "output_base64sha256": "bnhW+kSmvJdPwDod8ktqyYzu+B+lgNMjta0QX8kDcWM=",
            "output_file_mode": null,
            "output_md5": "a6b73c71db8d4f0481d1665d383add89",
            "output_path": "./pythonprog/back.zip",
            "output_sha": "aadf40f8c6aa1ec389ad478d4d67c30fe2604a79",
            "output_size": 927,
            "source": [],
            "source_content": null,
            "source_content_filename": null,
            "source_dir": "./pythonprog/back1",
            "source_file": null,
            "type": "zip"
          },
          "sensitive_attributes": []
        }
      ]
    },
    {
      "mode": "data",
      "type": "archive_file",
      "name": "zip_the_python_code_moving",
      "provider": "provider[\"registry.terraform.io/hashicorp/archive\"]",
      "instances": [
        {
          "schema_version": 0,
          "attributes": {
            "excludes": null,
            "id": "9711fed6172b24afdeaa40063e06416897f937b5",
            "output_base64sha256": "/wD/VnxWzoJf52IjXnZ6lY3SrHJUe52VZFapyswGSlg=",
            "output_file_mode": null,
            "output_md5": "c48b8c3bbfb42546e1036216414be861",
            "output_path": "./pythonprog/move.zip",
            "output_sha": "9711fed6172b24afdeaa40063e06416897f937b5",
            "output_size": 1296,
            "source": [],
            "source_content": null,
            "source_content_filename": null,
            "source_dir": "./pythonprog/move1",
            "source_file": null,
            "type": "zip"
          },
          "sensitive_attributes": []
        }
      ]
    },
    {
      "mode": "managed",
      "type": "aws_cloudwatch_event_rule",
      "name": "movingaccount",
      "provider": "provider[\"registry.terraform.io/hashicorp/aws\"]",
      "instances": [
        {
          "schema_version": 0,
          "attributes": {
            "arn": "arn:aws:events:us-east-1:556276873924:rule/Monitor_accounts",
            "description": "Monitoring moving od accounts in organizations",
            "event_bus_name": "default",
            "event_pattern": "{\"detail\":{\"eventName\":[\"MoveAccount\"],\"eventSource\":[\"organizations.amazonaws.com\"],\"requestParameters\":{\"destinationParentId\":[\"ou-afgk-htcq00rd\"]}},\"detail-type\":[\"AWS API Call via CloudTrail\"],\"source\":[\"aws.organizations\"]}",
            "id": "Monitor_accounts",
            "is_enabled": true,
            "name": "Monitor_accounts",
            "name_prefix": "",
            "role_arn": "",
            "schedule_expression": "",
            "tags": {},
            "tags_all": {}
          },
          "sensitive_attributes": [],
          "private": "bnVsbA=="
        }
      ]
    },
    {
      "mode": "managed",
      "type": "aws_cloudwatch_event_target",
      "name": "Lambda_tf",
      "provider": "provider[\"registry.terraform.io/hashicorp/aws\"]",
      "instances": [
        {
          "schema_version": 1,
          "attributes": {
            "arn": "arn:aws:lambda:us-east-1:556276873924:function:move",
            "batch_target": [],
            "dead_letter_config": [],
            "ecs_target": [],
            "event_bus_name": "default",
            "http_target": [],
            "id": "Monitor_accounts-terraform_lambda_func_tf",
            "input": "",
            "input_path": "",
            "input_transformer": [],
            "kinesis_target": [],
            "redshift_target": [],
            "retry_policy": [],
            "role_arn": "",
            "rule": "Monitor_accounts",
            "run_command_targets": [],
            "sqs_target": [],
            "target_id": "terraform_lambda_func_tf"
          },
          "sensitive_attributes": [],
          "private": "eyJzY2hlbWFfdmVyc2lvbiI6IjEifQ==",
          "dependencies": [
            "aws_cloudwatch_event_rule.movingaccount",
            "aws_iam_role.lambda_role_tf",
            "aws_lambda_function.terraform_lambda_func_tf",
            "data.archive_file.zip_the_python_code_moving"
          ]
        }
      ]
    },
    {
      "mode": "managed",
      "type": "aws_iam_policy",
      "name": "iam_policy_for_lambda_tf",
      "provider": "provider[\"registry.terraform.io/hashicorp/aws\"]",
      "instances": [
        {
          "schema_version": 0,
          "attributes": {
            "arn": "arn:aws:iam::556276873924:policy/aws_iam_policy_for_terraform_aws_lambda_role_tf",
            "description": "AWS IAM Policy for managing aws lambda role",
            "id": "arn:aws:iam::556276873924:policy/aws_iam_policy_for_terraform_aws_lambda_role_tf",
            "name": "aws_iam_policy_for_terraform_aws_lambda_role_tf",
            "name_prefix": null,
            "path": "/",
            "policy": "{\"Statement\":[{\"Action\":[\"logs:CreateLogGroup\",\"logs:CreateLogStream\",\"logs:PutLogEvents\",\"lambda:GetAccountSettings\",\"lambda:GetEventSourceMapping\",\"lambda:GetFunction\",\"lambda:GetFunctionConfiguration\",\"lambda:GetFunctionCodeSigningConfig\",\"lambda:GetFunctionConcurrency\",\"lambda:ListEventSourceMappings\",\"lambda:ListFunctions\",\"lambda:ListTags\",\"iam:ListRoles\",\"sns:Publish\",\"events:*\"],\"Effect\":\"Allow\",\"Resource\":\"arn:aws:logs:*:*:*\"}],\"Version\":\"2012-10-17\"}",
            "policy_id": "ANPAYDBFPPLCFEMVFM72R",
            "tags": {},
            "tags_all": {}
          },
          "sensitive_attributes": [],
          "private": "bnVsbA=="
        }
      ]
    },
    {
      "mode": "managed",
      "type": "aws_iam_role",
      "name": "Scheduler_role_tf",
      "provider": "provider[\"registry.terraform.io/hashicorp/aws\"]",
      "instances": [
        {
          "schema_version": 0,
          "attributes": {
            "arn": "arn:aws:iam::556276873924:role/schedule_Movingaccountrole",
            "assume_role_policy": "{\"Statement\":[{\"Action\":\"sts:AssumeRole\",\"Effect\":\"Allow\",\"Principal\":{\"Service\":\"scheduler.amazonaws.com\"}}],\"Version\":\"2012-10-17\"}",
            "create_date": "2023-03-23T16:23:00Z",
            "description": "",
            "force_detach_policies": false,
            "id": "schedule_Movingaccountrole",
            "inline_policy": [],
            "managed_policy_arns": [],
            "max_session_duration": 3600,
            "name": "schedule_Movingaccountrole",
            "name_prefix": "",
            "path": "/",
            "permissions_boundary": null,
            "tags": {},
            "tags_all": {},
            "unique_id": "AROAYDBFPPLCHVNUNOFUC"
          },
          "sensitive_attributes": [],
          "private": "bnVsbA=="
        }
      ]
    },
    {
      "mode": "managed",
      "type": "aws_iam_role",
      "name": "lambda_role_tf",
      "provider": "provider[\"registry.terraform.io/hashicorp/aws\"]",
      "instances": [
        {
          "schema_version": 0,
          "attributes": {
            "arn": "arn:aws:iam::556276873924:role/Movingaccountrole",
            "assume_role_policy": "{\"Statement\":[{\"Action\":\"sts:AssumeRole\",\"Effect\":\"Allow\",\"Principal\":{\"Service\":\"lambda.amazonaws.com\"}}],\"Version\":\"2012-10-17\"}",
            "create_date": "2023-03-23T16:23:00Z",
            "description": "",
            "force_detach_policies": false,
            "id": "Movingaccountrole",
            "inline_policy": [],
            "managed_policy_arns": [
              "arn:aws:iam::556276873924:policy/aws_iam_policy_for_terraform_aws_lambda_role_tf"
            ],
            "max_session_duration": 3600,
            "name": "Movingaccountrole",
            "name_prefix": "",
            "path": "/",
            "permissions_boundary": null,
            "tags": {},
            "tags_all": {},
            "unique_id": "AROAYDBFPPLCKOXLN6AVO"
          },
          "sensitive_attributes": [],
          "private": "bnVsbA=="
        }
      ]
    },
    {
      "mode": "managed",
      "type": "aws_iam_role_policy_attachment",
      "name": "attach_iam_policy_to_iam_role_tf",
      "provider": "provider[\"registry.terraform.io/hashicorp/aws\"]",
      "instances": [
        {
          "schema_version": 0,
          "attributes": {
            "id": "Movingaccountrole-20230323162335844600000002",
            "policy_arn": "arn:aws:iam::556276873924:policy/aws_iam_policy_for_terraform_aws_lambda_role_tf",
            "role": "Movingaccountrole"
          },
          "sensitive_attributes": [],
          "private": "bnVsbA==",
          "dependencies": [
            "aws_iam_policy.iam_policy_for_lambda_tf",
            "aws_iam_role.lambda_role_tf"
          ]
        }
      ]
    },
    {
      "mode": "managed",
      "type": "aws_lambda_function",
      "name": "terraform_lambda_func_tf",
      "provider": "provider[\"registry.terraform.io/hashicorp/aws\"]",
      "instances": [
        {
          "schema_version": 0,
          "attributes": {
            "architectures": [
              "x86_64"
            ],
            "arn": "arn:aws:lambda:us-east-1:556276873924:function:move",
            "code_signing_config_arn": "",
            "dead_letter_config": [],
            "description": "",
            "environment": [],
            "ephemeral_storage": [
              {
                "size": 512
              }
            ],
            "file_system_config": [],
            "filename": "./pythonprog/move.zip",
            "function_name": "move",
            "handler": "move.lambda_handler",
            "id": "move",
            "image_config": [],
            "image_uri": "",
            "invoke_arn": "arn:aws:apigateway:us-east-1:lambda:path/2015-03-31/functions/arn:aws:lambda:us-east-1:556276873924:function:move/invocations",
            "kms_key_arn": "",
            "last_modified": "2023-03-23T16:27:59.702+0000",
            "layers": [],
            "memory_size": 128,
            "package_type": "Zip",
            "publish": false,
            "qualified_arn": "arn:aws:lambda:us-east-1:556276873924:function:move:$LATEST",
            "qualified_invoke_arn": "arn:aws:apigateway:us-east-1:lambda:path/2015-03-31/functions/arn:aws:lambda:us-east-1:556276873924:function:move:$LATEST/invocations",
            "replace_security_groups_on_destroy": null,
            "replacement_security_group_ids": null,
            "reserved_concurrent_executions": -1,
            "role": "arn:aws:iam::556276873924:role/Movingaccountrole",
            "runtime": "python3.9",
            "s3_bucket": null,
            "s3_key": null,
            "s3_object_version": null,
            "signing_job_arn": "",
            "signing_profile_version_arn": "",
            "skip_destroy": false,
            "snap_start": [],
            "source_code_hash": "/wD/VnxWzoJf52IjXnZ6lY3SrHJUe52VZFapyswGSlg=",
            "source_code_size": 1296,
            "tags": {},
            "tags_all": {},
            "timeout": 10,
            "timeouts": null,
            "tracing_config": [
              {
                "mode": "PassThrough"
              }
            ],
            "version": "$LATEST",
            "vpc_config": []
          },
          "sensitive_attributes": [],
          "private": "eyJlMmJmYjczMC1lY2FhLTExZTYtOGY4OC0zNDM2M2JjN2M0YzAiOnsiY3JlYXRlIjo2MDAwMDAwMDAwMDAsImRlbGV0ZSI6NjAwMDAwMDAwMDAwLCJ1cGRhdGUiOjYwMDAwMDAwMDAwMH19",
          "dependencies": [
            "aws_iam_role.lambda_role_tf",
            "data.archive_file.zip_the_python_code_moving"
          ]
        }
      ]
    },
    {
      "mode": "managed",
      "type": "aws_lambda_function",
      "name": "terraform_lambda_func_tf_back",
      "provider": "provider[\"registry.terraform.io/hashicorp/aws\"]",
      "instances": [
        {
          "schema_version": 0,
          "attributes": {
            "architectures": [
              "x86_64"
            ],
            "arn": "arn:aws:lambda:us-east-1:556276873924:function:back",
            "code_signing_config_arn": "",
            "dead_letter_config": [],
            "description": "",
            "environment": [],
            "ephemeral_storage": [
              {
                "size": 512
              }
            ],
            "file_system_config": [],
            "filename": "./pythonprog/back.zip",
            "function_name": "back",
            "handler": "back.lambda_handler",
            "id": "back",
            "image_config": [],
            "image_uri": "",
            "invoke_arn": "arn:aws:apigateway:us-east-1:lambda:path/2015-03-31/functions/arn:aws:lambda:us-east-1:556276873924:function:back/invocations",
            "kms_key_arn": "",
            "last_modified": "2023-03-23T17:27:27.000+0000",
            "layers": [],
            "memory_size": 128,
            "package_type": "Zip",
            "publish": false,
            "qualified_arn": "arn:aws:lambda:us-east-1:556276873924:function:back:$LATEST",
            "qualified_invoke_arn": "arn:aws:apigateway:us-east-1:lambda:path/2015-03-31/functions/arn:aws:lambda:us-east-1:556276873924:function:back:$LATEST/invocations",
            "replace_security_groups_on_destroy": null,
            "replacement_security_group_ids": null,
            "reserved_concurrent_executions": -1,
            "role": "arn:aws:iam::556276873924:role/Movingaccountrole",
            "runtime": "python3.9",
            "s3_bucket": null,
            "s3_key": null,
            "s3_object_version": null,
            "signing_job_arn": "",
            "signing_profile_version_arn": "",
            "skip_destroy": false,
            "snap_start": [],
            "source_code_hash": "bnhW+kSmvJdPwDod8ktqyYzu+B+lgNMjta0QX8kDcWM=",
            "source_code_size": 927,
            "tags": {},
            "tags_all": {},
            "timeout": 10,
            "timeouts": null,
            "tracing_config": [
              {
                "mode": "PassThrough"
              }
            ],
            "version": "$LATEST",
            "vpc_config": []
          },
          "sensitive_attributes": [],
          "private": "eyJlMmJmYjczMC1lY2FhLTExZTYtOGY4OC0zNDM2M2JjN2M0YzAiOnsiY3JlYXRlIjo2MDAwMDAwMDAwMDAsImRlbGV0ZSI6NjAwMDAwMDAwMDAwLCJ1cGRhdGUiOjYwMDAwMDAwMDAwMH19",
          "dependencies": [
            "aws_iam_role.lambda_role_tf",
            "data.archive_file.zip_the_python_code_moveback"
          ]
        }
      ]
    },
    {
      "mode": "managed",
      "type": "aws_lambda_function",
      "name": "terraform_lambda_func_tf_checkaccount",
      "provider": "provider[\"registry.terraform.io/hashicorp/aws\"]",
      "instances": [
        {
          "schema_version": 0,
          "attributes": {
            "architectures": [
              "x86_64"
            ],
            "arn": "arn:aws:lambda:us-east-1:556276873924:function:checkorg",
            "code_signing_config_arn": "",
            "dead_letter_config": [],
            "description": "",
            "environment": [],
            "ephemeral_storage": [
              {
                "size": 512
              }
            ],
            "file_system_config": [],
            "filename": "./pythonprog/checkorg.zip",
            "function_name": "checkorg",
            "handler": "back.lambda_handler",
            "id": "checkorg",
            "image_config": [],
            "image_uri": "",
            "invoke_arn": "arn:aws:apigateway:us-east-1:lambda:path/2015-03-31/functions/arn:aws:lambda:us-east-1:556276873924:function:checkorg/invocations",
            "kms_key_arn": "",
            "last_modified": "2023-04-04T15:59:48.000+0000",
            "layers": [],
            "memory_size": 128,
            "package_type": "Zip",
            "publish": false,
            "qualified_arn": "arn:aws:lambda:us-east-1:556276873924:function:checkorg:$LATEST",
            "qualified_invoke_arn": "arn:aws:apigateway:us-east-1:lambda:path/2015-03-31/functions/arn:aws:lambda:us-east-1:556276873924:function:checkorg:$LATEST/invocations",
            "replace_security_groups_on_destroy": null,
            "replacement_security_group_ids": null,
            "reserved_concurrent_executions": -1,
            "role": "arn:aws:iam::556276873924:role/Movingaccountrole",
            "runtime": "python3.9",
            "s3_bucket": null,
            "s3_key": null,
            "s3_object_version": null,
            "signing_job_arn": "",
            "signing_profile_version_arn": "",
            "skip_destroy": false,
            "snap_start": [],
            "source_code_hash": "9j66uAvL84F0nt64ZztDaaO4KxOgp9V6OhLwjDwLeKI=",
            "source_code_size": 8098,
            "tags": {},
            "tags_all": {},
            "timeout": 10,
            "timeouts": null,
            "tracing_config": [
              {
                "mode": "PassThrough"
              }
            ],
            "version": "$LATEST",
            "vpc_config": []
          },
          "sensitive_attributes": [],
          "private": "eyJlMmJmYjczMC1lY2FhLTExZTYtOGY4OC0zNDM2M2JjN2M0YzAiOnsiY3JlYXRlIjo2MDAwMDAwMDAwMDAsImRlbGV0ZSI6NjAwMDAwMDAwMDAwLCJ1cGRhdGUiOjYwMDAwMDAwMDAwMH19",
          "dependencies": [
            "aws_iam_role.lambda_role_tf",
            "data.archive_file.zip_the_python_code_checkorg"
          ]
        }
      ]
    },
    {
      "mode": "managed",
      "type": "aws_scheduler_schedule",
      "name": "checkaccount",
      "provider": "provider[\"registry.terraform.io/hashicorp/aws\"]",
      "instances": [
        {
          "schema_version": 0,
          "attributes": {
            "arn": "arn:aws:scheduler:us-east-1:556276873924:schedule/default/schedule_check_accounts",
            "description": "",
            "end_date": "",
            "flexible_time_window": [
              {
                "maximum_window_in_minutes": 0,
                "mode": "OFF"
              }
            ],
            "group_name": "default",
            "id": "default/schedule_check_accounts",
            "kms_key_arn": "",
            "name": "schedule_check_accounts",
            "name_prefix": "",
            "schedule_expression": "cron(5,35 14 * * ? *)",
            "schedule_expression_timezone": "UTC",
            "start_date": "",
            "state": "ENABLED",
            "target": [
              {
                "arn": "arn:aws:lambda:us-east-1:556276873924:function:checkorg",
                "dead_letter_config": [],
                "ecs_parameters": [],
                "eventbridge_parameters": [],
                "input": "",
                "kinesis_parameters": [],
                "retry_policy": [
                  {
                    "maximum_event_age_in_seconds": 86400,
                    "maximum_retry_attempts": 185
                  }
                ],
                "role_arn": "arn:aws:iam::556276873924:role/schedule_Movingaccountrole",
                "sagemaker_pipeline_parameters": [],
                "sqs_parameters": []
              }
            ]
          },
          "sensitive_attributes": [],
          "private": "bnVsbA==",
          "dependencies": [
            "aws_iam_role.Scheduler_role_tf",
            "aws_iam_role.lambda_role_tf",
            "aws_lambda_function.terraform_lambda_func_tf_checkaccount",
            "data.archive_file.zip_the_python_code_checkorg"
          ]
        }
      ]
    },
    {
      "mode": "managed",
      "type": "aws_scheduler_schedule",
      "name": "movebackaccount",
      "provider": "provider[\"registry.terraform.io/hashicorp/aws\"]",
      "instances": [
        {
          "schema_version": 0,
          "attributes": {
            "arn": "arn:aws:scheduler:us-east-1:556276873924:schedule/default/my-schedule",
            "description": "",
            "end_date": "",
            "flexible_time_window": [
              {
                "maximum_window_in_minutes": 0,
                "mode": "OFF"
              }
            ],
            "group_name": "default",
            "id": "default/my-schedule",
            "kms_key_arn": "",
            "name": "my-schedule",
            "name_prefix": "",
            "schedule_expression": "rate(30 minutes)",
            "schedule_expression_timezone": "UTC",
            "start_date": "",
            "state": "ENABLED",
            "target": [
              {
                "arn": "arn:aws:lambda:us-east-1:556276873924:function:back",
                "dead_letter_config": [],
                "ecs_parameters": [],
                "eventbridge_parameters": [],
                "input": "",
                "kinesis_parameters": [],
                "retry_policy": [
                  {
                    "maximum_event_age_in_seconds": 86400,
                    "maximum_retry_attempts": 185
                  }
                ],
                "role_arn": "arn:aws:iam::556276873924:role/schedule_Movingaccountrole",
                "sagemaker_pipeline_parameters": [],
                "sqs_parameters": []
              }
            ]
          },
          "sensitive_attributes": [],
          "private": "bnVsbA==",
          "dependencies": [
            "aws_iam_role.Scheduler_role_tf",
            "aws_iam_role.lambda_role_tf",
            "aws_lambda_function.terraform_lambda_func_tf_back",
            "data.archive_file.zip_the_python_code_moveback"
          ]
        }
      ]
    }
  ],
  "check_results": null
}
